PODS:
  - Kiwi (2.4.0)
  - LMDateHelper (0.1.0)

DEPENDENCIES:
  - Kiwi
  - LMDateHelper (from `../`)

EXTERNAL SOURCES:
  LMDateHelper:
    :path: ../

SPEC CHECKSUMS:
  Kiwi: f49c9d54b28917df5928fe44968a39ed198cb8a8
  LMDateHelper: 6802e0fba42af02a5a0a1c38a92190dcb6351fde

PODFILE CHECKSUM: 5b4947116a4b9de66793a613364bdddb956b901d

COCOAPODS: 1.2.1
